
Microsoft Visual Studio Solution File, Format Version 12.00
# Visual Studio Version 16
VisualStudioVersion = 16.0.29102.190
MinimumVisualStudioVersion = 10.0.40219.1
Project("{FAE04EC0-301F-11D3-BF4B-00C04F79EFBC}") = "harmony-vultr-cli", "harmony-vultr-cli\harmony-vultr-cli.csproj", "{3A23ACA4-0EA2-4121-804A-3F9D86FC968C}"
EndProject
Global
	GlobalSection(SolutionConfigurationPlatforms) = preSolution
		Debug|Any CPU = Debug|Any CPU
		Release|Any CPU = Release|Any CPU
	EndGlobalSection
	GlobalSection(ProjectConfigurationPlatforms) = postSolution
		{3A23ACA4-0EA2-4121-804A-3F9D86FC968C}.Debug|Any CPU.ActiveCfg = Debug|Any CPU
		{3A23ACA4-0EA2-4121-804A-3F9D86FC968C}.Debug|Any CPU.Build.0 = Debug|Any CPU
		{3A23ACA4-0EA2-4121-804A-3F9D86FC968C}.Release|Any CPU.ActiveCfg = Release|Any CPU
		{3A23ACA4-0EA2-4121-804A-3F9D86FC968C}.Release|Any CPU.Build.0 = Release|Any CPU
	EndGlobalSection
	GlobalSection(SolutionProperties) = preSolution
		HideSolutionNode = FALSE
	EndGlobalSection
	GlobalSection(ExtensibilityGlobals) = postSolution
		SolutionGuid = {6B885014-1D78-4022-9959-673AE7FFFE9F}
	EndGlobalSection
EndGlobal
